
Microsoft Visual Studio Solution File, Format Version 12.00
# Visual Studio Version 17
VisualStudioVersion = 17.9.34902.65
MinimumVisualStudioVersion = 10.0.40219.1
Project("{FAE04EC0-301F-11D3-BF4B-00C04F79EFBC}") = "RazorPagesMovie", "RazorPagesMovie\RazorPagesMovie.csproj", "{DA8F5486-AC00-40C2-A124-DCBA07197BA9}"
EndProject
Global
	GlobalSection(SolutionConfigurationPlatforms) = preSolution
		Debug|Any CPU = Debug|Any CPU
		Release|Any CPU = Release|Any CPU
	EndGlobalSection
	GlobalSection(ProjectConfigurationPlatforms) = postSolution
		{DA8F5486-AC00-40C2-A124-DCBA07197BA9}.Debug|Any CPU.ActiveCfg = Debug|Any CPU
		{DA8F5486-AC00-40C2-A124-DCBA07197BA9}.Debug|Any CPU.Build.0 = Debug|Any CPU
		{DA8F5486-AC00-40C2-A124-DCBA07197BA9}.Release|Any CPU.ActiveCfg = Release|Any CPU
		{DA8F5486-AC00-40C2-A124-DCBA07197BA9}.Release|Any CPU.Build.0 = Release|Any CPU
	EndGlobalSection
	GlobalSection(SolutionProperties) = preSolution
		HideSolutionNode = FALSE
	EndGlobalSection
	GlobalSection(ExtensibilityGlobals) = postSolution
		SolutionGuid = {1E147C9A-4306-4B72-A593-9405CC65EB1E}
	EndGlobalSection
EndGlobal
